{
  "version": 4,
  "terraform_version": "1.8.2",
  "serial": 85,
  "lineage": "4fd6fb42-959c-b7b0-63fc-f9b27bc190a9",
  "outputs": {},
  "resources": [
    {
      "module": "module.vpc_test",
      "mode": "managed",
      "type": "aws_vpc",
      "name": "main",
      "provider": "provider[\"registry.terraform.io/hashicorp/aws\"]",
      "instances": [
        {
          "schema_version": 1,
          "attributes": {
            "arn": "arn:aws:ec2:us-east-1:767397962979:vpc/vpc-03739bb8621570fd0",
            "assign_generated_ipv6_cidr_block": false,
            "cidr_block": "10.0.0.0/16",
            "default_network_acl_id": "acl-0b721911d0b6f53ea",
            "default_route_table_id": "rtb-0e5fb7c8089d2ae39",
            "default_security_group_id": "sg-0270d40b571f48aa0",
            "dhcp_options_id": "dopt-05d4f400ecfec5dd3",
            "enable_dns_hostnames": true,
            "enable_dns_support": true,
            "enable_network_address_usage_metrics": false,
            "id": "vpc-03739bb8621570fd0",
            "instance_tenancy": "default",
            "ipv4_ipam_pool_id": null,
            "ipv4_netmask_length": null,
            "ipv6_association_id": "",
            "ipv6_cidr_block": "",
            "ipv6_cidr_block_network_border_group": "",
            "ipv6_ipam_pool_id": "",
            "ipv6_netmask_length": 0,
            "main_route_table_id": "rtb-0e5fb7c8089d2ae39",
            "owner_id": "767397962979",
            "tags": {
              "Environment": "dev",
              "Name": "expense-dev",
              "Project": "expense",
              "Terraform": "true"
            },
            "tags_all": {
              "Environment": "dev",
              "Name": "expense-dev",
              "Project": "expense",
              "Terraform": "true"
            }
          },
          "sensitive_attributes": [],
          "private": "eyJzY2hlbWFfdmVyc2lvbiI6IjEifQ=="
        }
      ]
    }
  ],
  "check_results": [
    {
      "object_kind": "var",
      "config_addr": "module.vpc_test.var.public_subnet_cidrs",
      "status": "unknown",
      "objects": null
    },
    {
      "object_kind": "var",
      "config_addr": "module.vpc_test.var.database_subnet_cidrs",
      "status": "unknown",
      "objects": null
    },
    {
      "object_kind": "var",
      "config_addr": "module.vpc_test.var.private_subnet_cidrs",
      "status": "unknown",
      "objects": null
    }
  ]
}
